// !$*UTF8*$!
{
	archiveVersion = 1;
	classes = {
	};
	objectVersion = 55;
	objects = {

/* Begin PBXBuildFile section */
		0E4F99B2274647D900E84888 /* UdemyCombine_SwiftUILessonApp.swift in Sources */ = {isa = PBXBuildFile; fileRef = 0E4F99B1274647D900E84888 /* UdemyCombine_SwiftUILessonApp.swift */; };
		0E4F99B6274647DD00E84888 /* Assets.xcassets in Resources */ = {isa = PBXBuildFile; fileRef = 0E4F99B5274647DD00E84888 /* Assets.xcassets */; };
		0E4F99B9274647DD00E84888 /* Preview Assets.xcassets in Resources */ = {isa = PBXBuildFile; fileRef = 0E4F99B8274647DD00E84888 /* Preview Assets.xcassets */; };
		0E4F99C127464AF600E84888 /* TaskView.swift in Sources */ = {isa = PBXBuildFile; fileRef = 0E4F99C027464AF600E84888 /* TaskView.swift */; };
		0E4F99C427464C8E00E84888 /* Task.swift in Sources */ = {isa = PBXBuildFile; fileRef = 0E4F99C327464C8E00E84888 /* Task.swift */; };
		0E4F99C927464DF400E84888 /* Dish.swift in Sources */ = {isa = PBXBuildFile; fileRef = 0E4F99C827464DF400E84888 /* Dish.swift */; };
		0E4F99CB27464EBE00E84888 /* DishView.swift in Sources */ = {isa = PBXBuildFile; fileRef = 0E4F99CA27464EBE00E84888 /* DishView.swift */; };
		0E4F99CE274653E600E84888 /* BindingView.swift in Sources */ = {isa = PBXBuildFile; fileRef = 0E4F99CD274653E600E84888 /* BindingView.swift */; };
		0E4F99D12747199000E84888 /* Episode.swift in Sources */ = {isa = PBXBuildFile; fileRef = 0E4F99D02747198F00E84888 /* Episode.swift */; };
		0E4F99D3274719BE00E84888 /* EpisodeView.swift in Sources */ = {isa = PBXBuildFile; fileRef = 0E4F99D2274719BE00E84888 /* EpisodeView.swift */; };
		0E4F99D727471C2A00E84888 /* FancyTimer.swift in Sources */ = {isa = PBXBuildFile; fileRef = 0E4F99D627471C2A00E84888 /* FancyTimer.swift */; };
		0E4F99D927471D2C00E84888 /* FancyTimerView.swift in Sources */ = {isa = PBXBuildFile; fileRef = 0E4F99D827471D2C00E84888 /* FancyTimerView.swift */; };
		0E4F99DC27471E0B00E84888 /* UserSettings.swift in Sources */ = {isa = PBXBuildFile; fileRef = 0E4F99DB27471E0B00E84888 /* UserSettings.swift */; };
		0E4F99DE27471E7000E84888 /* ExampleView.swift in Sources */ = {isa = PBXBuildFile; fileRef = 0E4F99DD27471E7000E84888 /* ExampleView.swift */; };
		0E4F99E127471F8000E84888 /* FancyScoreView.swift in Sources */ = {isa = PBXBuildFile; fileRef = 0E4F99E027471F8000E84888 /* FancyScoreView.swift */; };
		0E4F99E62747297D00E84888 /* WebServices.swift in Sources */ = {isa = PBXBuildFile; fileRef = 0E4F99E52747297D00E84888 /* WebServices.swift */; };
		0E4F99EA27472A6C00E84888 /* StoryListViewModel.swift in Sources */ = {isa = PBXBuildFile; fileRef = 0E4F99E927472A6C00E84888 /* StoryListViewModel.swift */; };
		0E4F99ED27472BBD00E84888 /* StoryViewModel.swift in Sources */ = {isa = PBXBuildFile; fileRef = 0E4F99EC27472BBD00E84888 /* StoryViewModel.swift */; };
		0E4F99F027472BDC00E84888 /* StoryListView.swift in Sources */ = {isa = PBXBuildFile; fileRef = 0E4F99EF27472BDC00E84888 /* StoryListView.swift */; };
		0E4F99F427472D9700E84888 /* NavigationConfigurator.swift in Sources */ = {isa = PBXBuildFile; fileRef = 0E4F99F327472D9700E84888 /* NavigationConfigurator.swift */; };
		0E4F99F82747323C00E84888 /* Story.swift in Sources */ = {isa = PBXBuildFile; fileRef = 0E4F99F72747323C00E84888 /* Story.swift */; };
		0E4F99FA2747339900E84888 /* StoryDetailViewModel.swift in Sources */ = {isa = PBXBuildFile; fileRef = 0E4F99F92747339900E84888 /* StoryDetailViewModel.swift */; };
		0E6A80602747355900A84A46 /* StoryDetailView.swift in Sources */ = {isa = PBXBuildFile; fileRef = 0E6A805F2747355900A84A46 /* StoryDetailView.swift */; };
		0E6A806227473D0200A84A46 /* WebView.swift in Sources */ = {isa = PBXBuildFile; fileRef = 0E6A806127473D0200A84A46 /* WebView.swift */; };
		0E6A806527473E7D00A84A46 /* WKWebView+.swift in Sources */ = {isa = PBXBuildFile; fileRef = 0E6A806427473E7D00A84A46 /* WKWebView+.swift */; };
/* End PBXBuildFile section */

/* Begin PBXFileReference section */
		0E4F99AE274647D900E84888 /* UdemyCombine-SwiftUILesson.app */ = {isa = PBXFileReference; explicitFileType = wrapper.application; includeInIndex = 0; path = "UdemyCombine-SwiftUILesson.app"; sourceTree = BUILT_PRODUCTS_DIR; };
		0E4F99B1274647D900E84888 /* UdemyCombine_SwiftUILessonApp.swift */ = {isa = PBXFileReference; lastKnownFileType = sourcecode.swift; path = UdemyCombine_SwiftUILessonApp.swift; sourceTree = "<group>"; };
		0E4F99B5274647DD00E84888 /* Assets.xcassets */ = {isa = PBXFileReference; lastKnownFileType = folder.assetcatalog; path = Assets.xcassets; sourceTree = "<group>"; };
		0E4F99B8274647DD00E84888 /* Preview Assets.xcassets */ = {isa = PBXFileReference; lastKnownFileType = folder.assetcatalog; path = "Preview Assets.xcassets"; sourceTree = "<group>"; };
		0E4F99C027464AF600E84888 /* TaskView.swift */ = {isa = PBXFileReference; lastKnownFileType = sourcecode.swift; path = TaskView.swift; sourceTree = "<group>"; };
		0E4F99C327464C8E00E84888 /* Task.swift */ = {isa = PBXFileReference; lastKnownFileType = sourcecode.swift; path = Task.swift; sourceTree = "<group>"; };
		0E4F99C827464DF400E84888 /* Dish.swift */ = {isa = PBXFileReference; lastKnownFileType = sourcecode.swift; path = Dish.swift; sourceTree = "<group>"; };
		0E4F99CA27464EBE00E84888 /* DishView.swift */ = {isa = PBXFileReference; lastKnownFileType = sourcecode.swift; path = DishView.swift; sourceTree = "<group>"; };
		0E4F99CD274653E600E84888 /* BindingView.swift */ = {isa = PBXFileReference; lastKnownFileType = sourcecode.swift; path = BindingView.swift; sourceTree = "<group>"; };
		0E4F99D02747198F00E84888 /* Episode.swift */ = {isa = PBXFileReference; lastKnownFileType = sourcecode.swift; path = Episode.swift; sourceTree = "<group>"; };
		0E4F99D2274719BE00E84888 /* EpisodeView.swift */ = {isa = PBXFileReference; lastKnownFileType = sourcecode.swift; path = EpisodeView.swift; sourceTree = "<group>"; };
		0E4F99D627471C2A00E84888 /* FancyTimer.swift */ = {isa = PBXFileReference; lastKnownFileType = sourcecode.swift; path = FancyTimer.swift; sourceTree = "<group>"; };
		0E4F99D827471D2C00E84888 /* FancyTimerView.swift */ = {isa = PBXFileReference; lastKnownFileType = sourcecode.swift; path = FancyTimerView.swift; sourceTree = "<group>"; };
		0E4F99DB27471E0B00E84888 /* UserSettings.swift */ = {isa = PBXFileReference; lastKnownFileType = sourcecode.swift; path = UserSettings.swift; sourceTree = "<group>"; };
		0E4F99DD27471E7000E84888 /* ExampleView.swift */ = {isa = PBXFileReference; lastKnownFileType = sourcecode.swift; path = ExampleView.swift; sourceTree = "<group>"; };
		0E4F99E027471F8000E84888 /* FancyScoreView.swift */ = {isa = PBXFileReference; lastKnownFileType = sourcecode.swift; path = FancyScoreView.swift; sourceTree = "<group>"; };
		0E4F99E3274725BD00E84888 /* HackerNews.playground */ = {isa = PBXFileReference; lastKnownFileType = file.playground; path = HackerNews.playground; sourceTree = "<group>"; xcLanguageSpecificationIdentifier = xcode.lang.swift; };
		0E4F99E52747297D00E84888 /* WebServices.swift */ = {isa = PBXFileReference; lastKnownFileType = sourcecode.swift; path = WebServices.swift; sourceTree = "<group>"; };
		0E4F99E927472A6C00E84888 /* StoryListViewModel.swift */ = {isa = PBXFileReference; lastKnownFileType = sourcecode.swift; path = StoryListViewModel.swift; sourceTree = "<group>"; };
		0E4F99EC27472BBD00E84888 /* StoryViewModel.swift */ = {isa = PBXFileReference; lastKnownFileType = sourcecode.swift; path = StoryViewModel.swift; sourceTree = "<group>"; };
		0E4F99EF27472BDC00E84888 /* StoryListView.swift */ = {isa = PBXFileReference; lastKnownFileType = sourcecode.swift; path = StoryListView.swift; sourceTree = "<group>"; };
		0E4F99F327472D9700E84888 /* NavigationConfigurator.swift */ = {isa = PBXFileReference; lastKnownFileType = sourcecode.swift; path = NavigationConfigurator.swift; sourceTree = "<group>"; };
		0E4F99F72747323C00E84888 /* Story.swift */ = {isa = PBXFileReference; lastKnownFileType = sourcecode.swift; path = Story.swift; sourceTree = "<group>"; };
		0E4F99F92747339900E84888 /* StoryDetailViewModel.swift */ = {isa = PBXFileReference; lastKnownFileType = sourcecode.swift; path = StoryDetailViewModel.swift; sourceTree = "<group>"; };
		0E6A805F2747355900A84A46 /* StoryDetailView.swift */ = {isa = PBXFileReference; lastKnownFileType = sourcecode.swift; path = StoryDetailView.swift; sourceTree = "<group>"; };
		0E6A806127473D0200A84A46 /* WebView.swift */ = {isa = PBXFileReference; lastKnownFileType = sourcecode.swift; path = WebView.swift; sourceTree = "<group>"; };
		0E6A806427473E7D00A84A46 /* WKWebView+.swift */ = {isa = PBXFileReference; lastKnownFileType = sourcecode.swift; path = "WKWebView+.swift"; sourceTree = "<group>"; };
/* End PBXFileReference section */

/* Begin PBXFrameworksBuildPhase section */
		0E4F99AB274647D900E84888 /* Frameworks */ = {
			isa = PBXFrameworksBuildPhase;
			buildActionMask = 2147483647;
			files = (
			);
			runOnlyForDeploymentPostprocessing = 0;
		};
/* End PBXFrameworksBuildPhase section */

/* Begin PBXGroup section */
		0E4F99A5274647D900E84888 = {
			isa = PBXGroup;
			children = (
				0E4F99B0274647D900E84888 /* UdemyCombine-SwiftUILesson */,
				0E4F99AF274647D900E84888 /* Products */,
			);
			sourceTree = "<group>";
		};
		0E4F99AF274647D900E84888 /* Products */ = {
			isa = PBXGroup;
			children = (
				0E4F99AE274647D900E84888 /* UdemyCombine-SwiftUILesson.app */,
			);
			name = Products;
			sourceTree = "<group>";
		};
		0E4F99B0274647D900E84888 /* UdemyCombine-SwiftUILesson */ = {
			isa = PBXGroup;
			children = (
				0E4F99B1274647D900E84888 /* UdemyCombine_SwiftUILessonApp.swift */,
				0E4F99EB27472BB300E84888 /* Models */,
				0E4F99EE27472BCB00E84888 /* Views */,
				0E4F99E827472A5F00E84888 /* ViewModels */,
				0E4F99E42747296C00E84888 /* Services */,
				0E6A806327473E7400A84A46 /* Extensions */,
				0E4F99F227472D8D00E84888 /* Utils */,
				0E4F99E727472A5300E84888 /* Resources */,
				0E4F99D427471AA800E84888 /* Lesson */,
				0E4F99B7274647DD00E84888 /* Preview Content */,
			);
			path = "UdemyCombine-SwiftUILesson";
			sourceTree = "<group>";
		};
		0E4F99B7274647DD00E84888 /* Preview Content */ = {
			isa = PBXGroup;
			children = (
				0E4F99B8274647DD00E84888 /* Preview Assets.xcassets */,
			);
			path = "Preview Content";
			sourceTree = "<group>";
		};
		0E4F99C527464DD900E84888 /* State */ = {
			isa = PBXGroup;
			children = (
				0E4F99C327464C8E00E84888 /* Task.swift */,
				0E4F99C027464AF600E84888 /* TaskView.swift */,
			);
			path = State;
			sourceTree = "<group>";
		};
		0E4F99C627464DE500E84888 /* StateFilter */ = {
			isa = PBXGroup;
			children = (
				0E4F99C827464DF400E84888 /* Dish.swift */,
				0E4F99CA27464EBE00E84888 /* DishView.swift */,
			);
			path = StateFilter;
			sourceTree = "<group>";
		};
		0E4F99CC274653B100E84888 /* Binding */ = {
			isa = PBXGroup;
			children = (
				0E4F99CD274653E600E84888 /* BindingView.swift */,
			);
			path = Binding;
			sourceTree = "<group>";
		};
		0E4F99CF2747197200E84888 /* AtBinding */ = {
			isa = PBXGroup;
			children = (
				0E4F99D02747198F00E84888 /* Episode.swift */,
				0E4F99D2274719BE00E84888 /* EpisodeView.swift */,
			);
			path = AtBinding;
			sourceTree = "<group>";
		};
		0E4F99D427471AA800E84888 /* Lesson */ = {
			isa = PBXGroup;
			children = (
				0E4F99E2274725A300E84888 /* HackerNews */,
				0E4F99C527464DD900E84888 /* State */,
				0E4F99C627464DE500E84888 /* StateFilter */,
				0E4F99CC274653B100E84888 /* Binding */,
				0E4F99CF2747197200E84888 /* AtBinding */,
				0E4F99D527471BED00E84888 /* ObservableObject */,
				0E4F99DA27471DF200E84888 /* EnvironmentObject */,
			);
			path = Lesson;
			sourceTree = "<group>";
		};
		0E4F99D527471BED00E84888 /* ObservableObject */ = {
			isa = PBXGroup;
			children = (
				0E4F99D627471C2A00E84888 /* FancyTimer.swift */,
				0E4F99D827471D2C00E84888 /* FancyTimerView.swift */,
			);
			path = ObservableObject;
			sourceTree = "<group>";
		};
		0E4F99DA27471DF200E84888 /* EnvironmentObject */ = {
			isa = PBXGroup;
			children = (
				0E4F99DB27471E0B00E84888 /* UserSettings.swift */,
				0E4F99DD27471E7000E84888 /* ExampleView.swift */,
				0E4F99E027471F8000E84888 /* FancyScoreView.swift */,
			);
			path = EnvironmentObject;
			sourceTree = "<group>";
		};
		0E4F99E2274725A300E84888 /* HackerNews */ = {
			isa = PBXGroup;
			children = (
				0E4F99E3274725BD00E84888 /* HackerNews.playground */,
			);
			path = HackerNews;
			sourceTree = "<group>";
		};
		0E4F99E42747296C00E84888 /* Services */ = {
			isa = PBXGroup;
			children = (
				0E4F99E52747297D00E84888 /* WebServices.swift */,
			);
			path = Services;
			sourceTree = "<group>";
		};
		0E4F99E727472A5300E84888 /* Resources */ = {
			isa = PBXGroup;
			children = (
				0E4F99B5274647DD00E84888 /* Assets.xcassets */,
			);
			path = Resources;
			sourceTree = "<group>";
		};
		0E4F99E827472A5F00E84888 /* ViewModels */ = {
			isa = PBXGroup;
			children = (
				0E4F99E927472A6C00E84888 /* StoryListViewModel.swift */,
				0E4F99EC27472BBD00E84888 /* StoryViewModel.swift */,
				0E4F99F92747339900E84888 /* StoryDetailViewModel.swift */,
			);
			path = ViewModels;
			sourceTree = "<group>";
		};
		0E4F99EB27472BB300E84888 /* Models */ = {
			isa = PBXGroup;
			children = (
				0E4F99F72747323C00E84888 /* Story.swift */,
			);
			path = Models;
			sourceTree = "<group>";
		};
		0E4F99EE27472BCB00E84888 /* Views */ = {
			isa = PBXGroup;
			children = (
				0E4F99EF27472BDC00E84888 /* StoryListView.swift */,
				0E6A805F2747355900A84A46 /* StoryDetailView.swift */,
				0E6A806127473D0200A84A46 /* WebView.swift */,
			);
			path = Views;
			sourceTree = "<group>";
		};
		0E4F99F227472D8D00E84888 /* Utils */ = {
			isa = PBXGroup;
			children = (
				0E4F99F327472D9700E84888 /* NavigationConfigurator.swift */,
			);
			path = Utils;
			sourceTree = "<group>";
		};
		0E6A806327473E7400A84A46 /* Extensions */ = {
			isa = PBXGroup;
			children = (
				0E6A806427473E7D00A84A46 /* WKWebView+.swift */,
			);
			path = Extensions;
			sourceTree = "<group>";
		};
/* End PBXGroup section */

/* Begin PBXNativeTarget section */
		0E4F99AD274647D900E84888 /* UdemyCombine-SwiftUILesson */ = {
			isa = PBXNativeTarget;
			buildConfigurationList = 0E4F99BC274647DD00E84888 /* Build configuration list for PBXNativeTarget "UdemyCombine-SwiftUILesson" */;
			buildPhases = (
				0E4F99AA274647D900E84888 /* Sources */,
				0E4F99AB274647D900E84888 /* Frameworks */,
				0E4F99AC274647D900E84888 /* Resources */,
			);
			buildRules = (
			);
			dependencies = (
			);
			name = "UdemyCombine-SwiftUILesson";
			productName = "UdemyCombine-SwiftUILessoun";
			productReference = 0E4F99AE274647D900E84888 /* UdemyCombine-SwiftUILesson.app */;
			productType = "com.apple.product-type.application";
		};
/* End PBXNativeTarget section */

/* Begin PBXProject section */
		0E4F99A6274647D900E84888 /* Project object */ = {
			isa = PBXProject;
			attributes = {
				BuildIndependentTargetsInParallel = 1;
				LastSwiftUpdateCheck = 1310;
				LastUpgradeCheck = 1310;
				TargetAttributes = {
					0E4F99AD274647D900E84888 = {
						CreatedOnToolsVersion = 13.1;
					};
				};
			};
			buildConfigurationList = 0E4F99A9274647D900E84888 /* Build configuration list for PBXProject "UdemyCombine-SwiftUILesson" */;
			compatibilityVersion = "Xcode 13.0";
			developmentRegion = en;
			hasScannedForEncodings = 0;
			knownRegions = (
				en,
				Base,
			);
			mainGroup = 0E4F99A5274647D900E84888;
			productRefGroup = 0E4F99AF274647D900E84888 /* Products */;
			projectDirPath = "";
			projectRoot = "";
			targets = (
				0E4F99AD274647D900E84888 /* UdemyCombine-SwiftUILesson */,
			);
		};
/* End PBXProject section */

/* Begin PBXResourcesBuildPhase section */
		0E4F99AC274647D900E84888 /* Resources */ = {
			isa = PBXResourcesBuildPhase;
			buildActionMask = 2147483647;
			files = (
				0E4F99B9274647DD00E84888 /* Preview Assets.xcassets in Resources */,
				0E4F99B6274647DD00E84888 /* Assets.xcassets in Resources */,
			);
			runOnlyForDeploymentPostprocessing = 0;
		};
/* End PBXResourcesBuildPhase section */

/* Begin PBXSourcesBuildPhase section */
		0E4F99AA274647D900E84888 /* Sources */ = {
			isa = PBXSourcesBuildPhase;
			buildActionMask = 2147483647;
			files = (
				0E4F99C427464C8E00E84888 /* Task.swift in Sources */,
				0E4F99DC27471E0B00E84888 /* UserSettings.swift in Sources */,
				0E4F99F82747323C00E84888 /* Story.swift in Sources */,
				0E4F99F027472BDC00E84888 /* StoryListView.swift in Sources */,
				0E4F99D3274719BE00E84888 /* EpisodeView.swift in Sources */,
				0E6A806527473E7D00A84A46 /* WKWebView+.swift in Sources */,
				0E4F99D12747199000E84888 /* Episode.swift in Sources */,
				0E4F99C927464DF400E84888 /* Dish.swift in Sources */,
				0E4F99CE274653E600E84888 /* BindingView.swift in Sources */,
				0E4F99D927471D2C00E84888 /* FancyTimerView.swift in Sources */,
				0E6A80602747355900A84A46 /* StoryDetailView.swift in Sources */,
				0E4F99ED27472BBD00E84888 /* StoryViewModel.swift in Sources */,
				0E4F99D727471C2A00E84888 /* FancyTimer.swift in Sources */,
				0E4F99CB27464EBE00E84888 /* DishView.swift in Sources */,
				0E4F99C127464AF600E84888 /* TaskView.swift in Sources */,
				0E4F99E62747297D00E84888 /* WebServices.swift in Sources */,
				0E4F99EA27472A6C00E84888 /* StoryListViewModel.swift in Sources */,
				0E4F99B2274647D900E84888 /* UdemyCombine_SwiftUILessonApp.swift in Sources */,
				0E4F99DE27471E7000E84888 /* ExampleView.swift in Sources */,
				0E4F99FA2747339900E84888 /* StoryDetailViewModel.swift in Sources */,
				0E4F99F427472D9700E84888 /* NavigationConfigurator.swift in Sources */,
				0E4F99E127471F8000E84888 /* FancyScoreView.swift in Sources */,
				0E6A806227473D0200A84A46 /* WebView.swift in Sources */,
			);
			runOnlyForDeploymentPostprocessing = 0;
		};
/* End PBXSourcesBuildPhase section */

/* Begin XCBuildConfiguration section */
		0E4F99BA274647DD00E84888 /* Debug */ = {
			isa = XCBuildConfiguration;
			buildSettings = {
				ALWAYS_SEARCH_USER_PATHS = NO;
				CLANG_ANALYZER_NONNULL = YES;
				CLANG_ANALYZER_NUMBER_OBJECT_CONVERSION = YES_AGGRESSIVE;
				CLANG_CXX_LANGUAGE_STANDARD = "gnu++17";
				CLANG_CXX_LIBRARY = "libc++";
				CLANG_ENABLE_MODULES = YES;
				CLANG_ENABLE_OBJC_ARC = YES;
				CLANG_ENABLE_OBJC_WEAK = YES;
				CLANG_WARN_BLOCK_CAPTURE_AUTORELEASING = YES;
				CLANG_WARN_BOOL_CONVERSION = YES;
				CLANG_WARN_COMMA = YES;
				CLANG_WARN_CONSTANT_CONVERSION = YES;
				CLANG_WARN_DEPRECATED_OBJC_IMPLEMENTATIONS = YES;
				CLANG_WARN_DIRECT_OBJC_ISA_USAGE = YES_ERROR;
				CLANG_WARN_DOCUMENTATION_COMMENTS = YES;
				CLANG_WARN_EMPTY_BODY = YES;
				CLANG_WARN_ENUM_CONVERSION = YES;
				CLANG_WARN_INFINITE_RECURSION = YES;
				CLANG_WARN_INT_CONVERSION = YES;
				CLANG_WARN_NON_LITERAL_NULL_CONVERSION = YES;
				CLANG_WARN_OBJC_IMPLICIT_RETAIN_SELF = YES;
				CLANG_WARN_OBJC_LITERAL_CONVERSION = YES;
				CLANG_WARN_OBJC_ROOT_CLASS = YES_ERROR;
				CLANG_WARN_QUOTED_INCLUDE_IN_FRAMEWORK_HEADER = YES;
				CLANG_WARN_RANGE_LOOP_ANALYSIS = YES;
				CLANG_WARN_STRICT_PROTOTYPES = YES;
				CLANG_WARN_SUSPICIOUS_MOVE = YES;
				CLANG_WARN_UNGUARDED_AVAILABILITY = YES_AGGRESSIVE;
				CLANG_WARN_UNREACHABLE_CODE = YES;
				CLANG_WARN__DUPLICATE_METHOD_MATCH = YES;
				COPY_PHASE_STRIP = NO;
				DEBUG_INFORMATION_FORMAT = dwarf;
				ENABLE_STRICT_OBJC_MSGSEND = YES;
				ENABLE_TESTABILITY = YES;
				GCC_C_LANGUAGE_STANDARD = gnu11;
				GCC_DYNAMIC_NO_PIC = NO;
				GCC_NO_COMMON_BLOCKS = YES;
				GCC_OPTIMIZATION_LEVEL = 0;
				GCC_PREPROCESSOR_DEFINITIONS = (
					"DEBUG=1",
					"$(inherited)",
				);
				GCC_WARN_64_TO_32_BIT_CONVERSION = YES;
				GCC_WARN_ABOUT_RETURN_TYPE = YES_ERROR;
				GCC_WARN_UNDECLARED_SELECTOR = YES;
				GCC_WARN_UNINITIALIZED_AUTOS = YES_AGGRESSIVE;
				GCC_WARN_UNUSED_FUNCTION = YES;
				GCC_WARN_UNUSED_VARIABLE = YES;
				IPHONEOS_DEPLOYMENT_TARGET = 15.0;
				MTL_ENABLE_DEBUG_INFO = INCLUDE_SOURCE;
				MTL_FAST_MATH = YES;
				ONLY_ACTIVE_ARCH = YES;
				SDKROOT = iphoneos;
				SWIFT_ACTIVE_COMPILATION_CONDITIONS = DEBUG;
				SWIFT_OPTIMIZATION_LEVEL = "-Onone";
			};
			name = Debug;
		};
		0E4F99BB274647DD00E84888 /* Release */ = {
			isa = XCBuildConfiguration;
			buildSettings = {
				ALWAYS_SEARCH_USER_PATHS = NO;
				CLANG_ANALYZER_NONNULL = YES;
				CLANG_ANALYZER_NUMBER_OBJECT_CONVERSION = YES_AGGRESSIVE;
				CLANG_CXX_LANGUAGE_STANDARD = "gnu++17";
				CLANG_CXX_LIBRARY = "libc++";
				CLANG_ENABLE_MODULES = YES;
				CLANG_ENABLE_OBJC_ARC = YES;
				CLANG_ENABLE_OBJC_WEAK = YES;
				CLANG_WARN_BLOCK_CAPTURE_AUTORELEASING = YES;
				CLANG_WARN_BOOL_CONVERSION = YES;
				CLANG_WARN_COMMA = YES;
				CLANG_WARN_CONSTANT_CONVERSION = YES;
				CLANG_WARN_DEPRECATED_OBJC_IMPLEMENTATIONS = YES;
				CLANG_WARN_DIRECT_OBJC_ISA_USAGE = YES_ERROR;
				CLANG_WARN_DOCUMENTATION_COMMENTS = YES;
				CLANG_WARN_EMPTY_BODY = YES;
				CLANG_WARN_ENUM_CONVERSION = YES;
				CLANG_WARN_INFINITE_RECURSION = YES;
				CLANG_WARN_INT_CONVERSION = YES;
				CLANG_WARN_NON_LITERAL_NULL_CONVERSION = YES;
				CLANG_WARN_OBJC_IMPLICIT_RETAIN_SELF = YES;
				CLANG_WARN_OBJC_LITERAL_CONVERSION = YES;
				CLANG_WARN_OBJC_ROOT_CLASS = YES_ERROR;
				CLANG_WARN_QUOTED_INCLUDE_IN_FRAMEWORK_HEADER = YES;
				CLANG_WARN_RANGE_LOOP_ANALYSIS = YES;
				CLANG_WARN_STRICT_PROTOTYPES = YES;
				CLANG_WARN_SUSPICIOUS_MOVE = YES;
				CLANG_WARN_UNGUARDED_AVAILABILITY = YES_AGGRESSIVE;
				CLANG_WARN_UNREACHABLE_CODE = YES;
				CLANG_WARN__DUPLICATE_METHOD_MATCH = YES;
				COPY_PHASE_STRIP = NO;
				DEBUG_INFORMATION_FORMAT = "dwarf-with-dsym";
				ENABLE_NS_ASSERTIONS = NO;
				ENABLE_STRICT_OBJC_MSGSEND = YES;
				GCC_C_LANGUAGE_STANDARD = gnu11;
				GCC_NO_COMMON_BLOCKS = YES;
				GCC_WARN_64_TO_32_BIT_CONVERSION = YES;
				GCC_WARN_ABOUT_RETURN_TYPE = YES_ERROR;
				GCC_WARN_UNDECLARED_SELECTOR = YES;
				GCC_WARN_UNINITIALIZED_AUTOS = YES_AGGRESSIVE;
				GCC_WARN_UNUSED_FUNCTION = YES;
				GCC_WARN_UNUSED_VARIABLE = YES;
				IPHONEOS_DEPLOYMENT_TARGET = 15.0;
				MTL_ENABLE_DEBUG_INFO = NO;
				MTL_FAST_MATH = YES;
				SDKROOT = iphoneos;
				SWIFT_COMPILATION_MODE = wholemodule;
				SWIFT_OPTIMIZATION_LEVEL = "-O";
				VALIDATE_PRODUCT = YES;
			};
			name = Release;
		};
		0E4F99BD274647DD00E84888 /* Debug */ = {
			isa = XCBuildConfiguration;
			buildSettings = {
				ASSETCATALOG_COMPILER_APPICON_NAME = AppIcon;
				ASSETCATALOG_COMPILER_GLOBAL_ACCENT_COLOR_NAME = AccentColor;
				CODE_SIGN_STYLE = Automatic;
				CURRENT_PROJECT_VERSION = 1;
				DEVELOPMENT_ASSET_PATHS = "\"UdemyCombine-SwiftUILesson/Preview Content\"";
				DEVELOPMENT_TEAM = R6YNJ9HW8W;
				ENABLE_PREVIEWS = YES;
				GENERATE_INFOPLIST_FILE = YES;
				INFOPLIST_KEY_UIApplicationSceneManifest_Generation = YES;
				INFOPLIST_KEY_UIApplicationSupportsIndirectInputEvents = YES;
				INFOPLIST_KEY_UILaunchScreen_Generation = YES;
				INFOPLIST_KEY_UISupportedInterfaceOrientations_iPad = "UIInterfaceOrientationPortrait UIInterfaceOrientationPortraitUpsideDown UIInterfaceOrientationLandscapeLeft UIInterfaceOrientationLandscapeRight";
				INFOPLIST_KEY_UISupportedInterfaceOrientations_iPhone = "UIInterfaceOrientationPortrait UIInterfaceOrientationLandscapeLeft UIInterfaceOrientationLandscapeRight";
				LD_RUNPATH_SEARCH_PATHS = (
					"$(inherited)",
					"@executable_path/Frameworks",
				);
				MARKETING_VERSION = 1.0;
				PRODUCT_BUNDLE_IDENTIFIER = "com.k-aoki.UdemyCombine-SwiftUILesson";
				PRODUCT_NAME = "$(TARGET_NAME)";
				SWIFT_EMIT_LOC_STRINGS = YES;
				SWIFT_VERSION = 5.0;
				TARGETED_DEVICE_FAMILY = "1,2";
			};
			name = Debug;
		};
		0E4F99BE274647DD00E84888 /* Release */ = {
			isa = XCBuildConfiguration;
			buildSettings = {
				ASSETCATALOG_COMPILER_APPICON_NAME = AppIcon;
				ASSETCATALOG_COMPILER_GLOBAL_ACCENT_COLOR_NAME = AccentColor;
				CODE_SIGN_STYLE = Automatic;
				CURRENT_PROJECT_VERSION = 1;
				DEVELOPMENT_ASSET_PATHS = "\"UdemyCombine-SwiftUILesson/Preview Content\"";
				DEVELOPMENT_TEAM = R6YNJ9HW8W;
				ENABLE_PREVIEWS = YES;
				GENERATE_INFOPLIST_FILE = YES;
				INFOPLIST_KEY_UIApplicationSceneManifest_Generation = YES;
				INFOPLIST_KEY_UIApplicationSupportsIndirectInputEvents = YES;
				INFOPLIST_KEY_UILaunchScreen_Generation = YES;
				INFOPLIST_KEY_UISupportedInterfaceOrientations_iPad = "UIInterfaceOrientationPortrait UIInterfaceOrientationPortraitUpsideDown UIInterfaceOrientationLandscapeLeft UIInterfaceOrientationLandscapeRight";
				INFOPLIST_KEY_UISupportedInterfaceOrientations_iPhone = "UIInterfaceOrientationPortrait UIInterfaceOrientationLandscapeLeft UIInterfaceOrientationLandscapeRight";
				LD_RUNPATH_SEARCH_PATHS = (
					"$(inherited)",
					"@executable_path/Frameworks",
				);
				MARKETING_VERSION = 1.0;
				PRODUCT_BUNDLE_IDENTIFIER = "com.k-aoki.UdemyCombine-SwiftUILesson";
				PRODUCT_NAME = "$(TARGET_NAME)";
				SWIFT_EMIT_LOC_STRINGS = YES;
				SWIFT_VERSION = 5.0;
				TARGETED_DEVICE_FAMILY = "1,2";
			};
			name = Release;
		};
/* End XCBuildConfiguration section */

/* Begin XCConfigurationList section */
		0E4F99A9274647D900E84888 /* Build configuration list for PBXProject "UdemyCombine-SwiftUILesson" */ = {
			isa = XCConfigurationList;
			buildConfigurations = (
				0E4F99BA274647DD00E84888 /* Debug */,
				0E4F99BB274647DD00E84888 /* Release */,
			);
			defaultConfigurationIsVisible = 0;
			defaultConfigurationName = Release;
		};
		0E4F99BC274647DD00E84888 /* Build configuration list for PBXNativeTarget "UdemyCombine-SwiftUILesson" */ = {
			isa = XCConfigurationList;
			buildConfigurations = (
				0E4F99BD274647DD00E84888 /* Debug */,
				0E4F99BE274647DD00E84888 /* Release */,
			);
			defaultConfigurationIsVisible = 0;
			defaultConfigurationName = Release;
		};
/* End XCConfigurationList section */
	};
	rootObject = 0E4F99A6274647D900E84888 /* Project object */;
}
